// !$*UTF8*$!
{
	archiveVersion = 1;
	classes = {
	};
	objectVersion = 56;
	objects = {

/* Begin PBXBuildFile section */
		96BC0D332AB9C5DB00F560FB /* AppDelegate.swift in Sources */ = {isa = PBXBuildFile; fileRef = 96BC0D322AB9C5DB00F560FB /* AppDelegate.swift */; };
		96BC0D352AB9C5DB00F560FB /* SceneDelegate.swift in Sources */ = {isa = PBXBuildFile; fileRef = 96BC0D342AB9C5DB00F560FB /* SceneDelegate.swift */; };
		96BC0D372AB9C5DB00F560FB /* ViewController.swift in Sources */ = {isa = PBXBuildFile; fileRef = 96BC0D362AB9C5DB00F560FB /* ViewController.swift */; };
		96BC0D3A2AB9C5DB00F560FB /* Main.storyboard in Resources */ = {isa = PBXBuildFile; fileRef = 96BC0D382AB9C5DB00F560FB /* Main.storyboard */; };
		96BC0D3C2AB9C5E400F560FB /* Assets.xcassets in Resources */ = {isa = PBXBuildFile; fileRef = 96BC0D3B2AB9C5E400F560FB /* Assets.xcassets */; };
		96BC0D3F2AB9C5E400F560FB /* LaunchScreen.storyboard in Resources */ = {isa = PBXBuildFile; fileRef = 96BC0D3D2AB9C5E400F560FB /* LaunchScreen.storyboard */; };
		96BC0D472AB9CB6500F560FB /* GoogleService-Info.plist in Resources */ = {isa = PBXBuildFile; fileRef = 96BC0D462AB9CB6500F560FB /* GoogleService-Info.plist */; };
		96BC0D4A2AB9CD4F00F560FB /* FirebaseAnalytics in Frameworks */ = {isa = PBXBuildFile; productRef = 96BC0D492AB9CD4F00F560FB /* FirebaseAnalytics */; };
		96BC0D562AB9CD5000F560FB /* FirebaseAuth in Frameworks */ = {isa = PBXBuildFile; productRef = 96BC0D552AB9CD5000F560FB /* FirebaseAuth */; };
		96BC0D622AB9CD5000F560FB /* FirebaseFirestore in Frameworks */ = {isa = PBXBuildFile; productRef = 96BC0D612AB9CD5000F560FB /* FirebaseFirestore */; };
		96BC0D7C2AB9CD5000F560FB /* FirebaseStorage in Frameworks */ = {isa = PBXBuildFile; productRef = 96BC0D7B2AB9CD5000F560FB /* FirebaseStorage */; };
		96BC0D822ABA201900F560FB /* FeedViewController.swift in Sources */ = {isa = PBXBuildFile; fileRef = 96BC0D812ABA201900F560FB /* FeedViewController.swift */; };
		96BC0D842ABA203000F560FB /* UploadViewController.swift in Sources */ = {isa = PBXBuildFile; fileRef = 96BC0D832ABA203000F560FB /* UploadViewController.swift */; };
		96BC0D862ABA204100F560FB /* SettingsViewController.swift in Sources */ = {isa = PBXBuildFile; fileRef = 96BC0D852ABA204100F560FB /* SettingsViewController.swift */; };
		96BC0D882ABB844300F560FB /* FeedCell.swift in Sources */ = {isa = PBXBuildFile; fileRef = 96BC0D872ABB844300F560FB /* FeedCell.swift */; };
/* End PBXBuildFile section */

/* Begin PBXFileReference section */
		96BC0D2F2AB9C5DB00F560FB /* InstaCloneFirebase.app */ = {isa = PBXFileReference; explicitFileType = wrapper.application; includeInIndex = 0; path = InstaCloneFirebase.app; sourceTree = BUILT_PRODUCTS_DIR; };
		96BC0D322AB9C5DB00F560FB /* AppDelegate.swift */ = {isa = PBXFileReference; lastKnownFileType = sourcecode.swift; path = AppDelegate.swift; sourceTree = "<group>"; };
		96BC0D342AB9C5DB00F560FB /* SceneDelegate.swift */ = {isa = PBXFileReference; lastKnownFileType = sourcecode.swift; path = SceneDelegate.swift; sourceTree = "<group>"; };
		96BC0D362AB9C5DB00F560FB /* ViewController.swift */ = {isa = PBXFileReference; lastKnownFileType = sourcecode.swift; path = ViewController.swift; sourceTree = "<group>"; };
		96BC0D392AB9C5DB00F560FB /* Base */ = {isa = PBXFileReference; lastKnownFileType = file.storyboard; name = Base; path = Base.lproj/Main.storyboard; sourceTree = "<group>"; };
		96BC0D3B2AB9C5E400F560FB /* Assets.xcassets */ = {isa = PBXFileReference; lastKnownFileType = folder.assetcatalog; path = Assets.xcassets; sourceTree = "<group>"; };
		96BC0D3E2AB9C5E400F560FB /* Base */ = {isa = PBXFileReference; lastKnownFileType = file.storyboard; name = Base; path = Base.lproj/LaunchScreen.storyboard; sourceTree = "<group>"; };
		96BC0D402AB9C5E400F560FB /* Info.plist */ = {isa = PBXFileReference; lastKnownFileType = text.plist.xml; path = Info.plist; sourceTree = "<group>"; };
		96BC0D462AB9CB6500F560FB /* GoogleService-Info.plist */ = {isa = PBXFileReference; fileEncoding = 4; lastKnownFileType = text.plist.xml; path = "GoogleService-Info.plist"; sourceTree = "<group>"; };
		96BC0D812ABA201900F560FB /* FeedViewController.swift */ = {isa = PBXFileReference; lastKnownFileType = sourcecode.swift; path = FeedViewController.swift; sourceTree = "<group>"; };
		96BC0D832ABA203000F560FB /* UploadViewController.swift */ = {isa = PBXFileReference; lastKnownFileType = sourcecode.swift; path = UploadViewController.swift; sourceTree = "<group>"; };
		96BC0D852ABA204100F560FB /* SettingsViewController.swift */ = {isa = PBXFileReference; lastKnownFileType = sourcecode.swift; path = SettingsViewController.swift; sourceTree = "<group>"; };
		96BC0D872ABB844300F560FB /* FeedCell.swift */ = {isa = PBXFileReference; lastKnownFileType = sourcecode.swift; path = FeedCell.swift; sourceTree = "<group>"; };
/* End PBXFileReference section */

/* Begin PBXFrameworksBuildPhase section */
		96BC0D2C2AB9C5DB00F560FB /* Frameworks */ = {
			isa = PBXFrameworksBuildPhase;
			buildActionMask = 2147483647;
			files = (
				96BC0D622AB9CD5000F560FB /* FirebaseFirestore in Frameworks */,
				96BC0D4A2AB9CD4F00F560FB /* FirebaseAnalytics in Frameworks */,
				96BC0D562AB9CD5000F560FB /* FirebaseAuth in Frameworks */,
				96BC0D7C2AB9CD5000F560FB /* FirebaseStorage in Frameworks */,
			);
			runOnlyForDeploymentPostprocessing = 0;
		};
/* End PBXFrameworksBuildPhase section */

/* Begin PBXGroup section */
		96BC0D262AB9C5DB00F560FB = {
			isa = PBXGroup;
			children = (
				96BC0D312AB9C5DB00F560FB /* InstaCloneFirebase */,
				96BC0D302AB9C5DB00F560FB /* Products */,
			);
			sourceTree = "<group>";
		};
		96BC0D302AB9C5DB00F560FB /* Products */ = {
			isa = PBXGroup;
			children = (
				96BC0D2F2AB9C5DB00F560FB /* InstaCloneFirebase.app */,
			);
			name = Products;
			sourceTree = "<group>";
		};
		96BC0D312AB9C5DB00F560FB /* InstaCloneFirebase */ = {
			isa = PBXGroup;
			children = (
				96BC0D322AB9C5DB00F560FB /* AppDelegate.swift */,
				96BC0D342AB9C5DB00F560FB /* SceneDelegate.swift */,
				96BC0D802ABA1FDA00F560FB /* controllers */,
				96BC0D382AB9C5DB00F560FB /* Main.storyboard */,
				96BC0D3B2AB9C5E400F560FB /* Assets.xcassets */,
				96BC0D3D2AB9C5E400F560FB /* LaunchScreen.storyboard */,
				96BC0D402AB9C5E400F560FB /* Info.plist */,
				96BC0D462AB9CB6500F560FB /* GoogleService-Info.plist */,
			);
			path = InstaCloneFirebase;
			sourceTree = "<group>";
		};
		96BC0D802ABA1FDA00F560FB /* controllers */ = {
			isa = PBXGroup;
			children = (
				96BC0D362AB9C5DB00F560FB /* ViewController.swift */,
				96BC0D812ABA201900F560FB /* FeedViewController.swift */,
				96BC0D832ABA203000F560FB /* UploadViewController.swift */,
				96BC0D852ABA204100F560FB /* SettingsViewController.swift */,
				96BC0D872ABB844300F560FB /* FeedCell.swift */,
			);
			path = controllers;
			sourceTree = "<group>";
		};
/* End PBXGroup section */

/* Begin PBXNativeTarget section */
		96BC0D2E2AB9C5DB00F560FB /* InstaCloneFirebase */ = {
			isa = PBXNativeTarget;
			buildConfigurationList = 96BC0D432AB9C5E400F560FB /* Build configuration list for PBXNativeTarget "InstaCloneFirebase" */;
			buildPhases = (
				96BC0D2B2AB9C5DB00F560FB /* Sources */,
				96BC0D2C2AB9C5DB00F560FB /* Frameworks */,
				96BC0D2D2AB9C5DB00F560FB /* Resources */,
			);
			buildRules = (
			);
			dependencies = (
			);
			name = InstaCloneFirebase;
			packageProductDependencies = (
				96BC0D492AB9CD4F00F560FB /* FirebaseAnalytics */,
				96BC0D552AB9CD5000F560FB /* FirebaseAuth */,
				96BC0D612AB9CD5000F560FB /* FirebaseFirestore */,
				96BC0D7B2AB9CD5000F560FB /* FirebaseStorage */,
			);
			productName = InstaCloneFirebase;
			productReference = 96BC0D2F2AB9C5DB00F560FB /* InstaCloneFirebase.app */;
			productType = "com.apple.product-type.application";
		};
/* End PBXNativeTarget section */

/* Begin PBXProject section */
		96BC0D272AB9C5DB00F560FB /* Project object */ = {
			isa = PBXProject;
			attributes = {
				BuildIndependentTargetsInParallel = 1;
				LastSwiftUpdateCheck = 1500;
				LastUpgradeCheck = 1500;
				TargetAttributes = {
					96BC0D2E2AB9C5DB00F560FB = {
						CreatedOnToolsVersion = 15.0;
					};
				};
			};
			buildConfigurationList = 96BC0D2A2AB9C5DB00F560FB /* Build configuration list for PBXProject "InstaCloneFirebase" */;
			compatibilityVersion = "Xcode 14.0";
			developmentRegion = en;
			hasScannedForEncodings = 0;
			knownRegions = (
				en,
				Base,
			);
			mainGroup = 96BC0D262AB9C5DB00F560FB;
			packageReferences = (
				96BC0D482AB9CD4F00F560FB /* XCRemoteSwiftPackageReference "firebase-ios-sdk" */,
			);
			productRefGroup = 96BC0D302AB9C5DB00F560FB /* Products */;
			projectDirPath = "";
			projectRoot = "";
			targets = (
				96BC0D2E2AB9C5DB00F560FB /* InstaCloneFirebase */,
			);
		};
/* End PBXProject section */

/* Begin PBXResourcesBuildPhase section */
		96BC0D2D2AB9C5DB00F560FB /* Resources */ = {
			isa = PBXResourcesBuildPhase;
			buildActionMask = 2147483647;
			files = (
				96BC0D3F2AB9C5E400F560FB /* LaunchScreen.storyboard in Resources */,
				96BC0D472AB9CB6500F560FB /* GoogleService-Info.plist in Resources */,
				96BC0D3C2AB9C5E400F560FB /* Assets.xcassets in Resources */,
				96BC0D3A2AB9C5DB00F560FB /* Main.storyboard in Resources */,
			);
			runOnlyForDeploymentPostprocessing = 0;
		};
/* End PBXResourcesBuildPhase section */

/* Begin PBXSourcesBuildPhase section */
		96BC0D2B2AB9C5DB00F560FB /* Sources */ = {
			isa = PBXSourcesBuildPhase;
			buildActionMask = 2147483647;
			files = (
				96BC0D882ABB844300F560FB /* FeedCell.swift in Sources */,
				96BC0D372AB9C5DB00F560FB /* ViewController.swift in Sources */,
				96BC0D842ABA203000F560FB /* UploadViewController.swift in Sources */,
				96BC0D332AB9C5DB00F560FB /* AppDelegate.swift in Sources */,
				96BC0D822ABA201900F560FB /* FeedViewController.swift in Sources */,
				96BC0D352AB9C5DB00F560FB /* SceneDelegate.swift in Sources */,
				96BC0D862ABA204100F560FB /* SettingsViewController.swift in Sources */,
			);
			runOnlyForDeploymentPostprocessing = 0;
		};
/* End PBXSourcesBuildPhase section */

/* Begin PBXVariantGroup section */
		96BC0D382AB9C5DB00F560FB /* Main.storyboard */ = {
			isa = PBXVariantGroup;
			children = (
				96BC0D392AB9C5DB00F560FB /* Base */,
			);
			name = Main.storyboard;
			sourceTree = "<group>";
		};
		96BC0D3D2AB9C5E400F560FB /* LaunchScreen.storyboard */ = {
			isa = PBXVariantGroup;
			children = (
				96BC0D3E2AB9C5E400F560FB /* Base */,
			);
			name = LaunchScreen.storyboard;
			sourceTree = "<group>";
		};
/* End PBXVariantGroup section */

/* Begin XCBuildConfiguration section */
		96BC0D412AB9C5E400F560FB /* Debug */ = {
			isa = XCBuildConfiguration;
			buildSettings = {
				ALWAYS_SEARCH_USER_PATHS = NO;
				ASSETCATALOG_COMPILER_GENERATE_SWIFT_ASSET_SYMBOL_EXTENSIONS = YES;
				CLANG_ANALYZER_NONNULL = YES;
				CLANG_ANALYZER_NUMBER_OBJECT_CONVERSION = YES_AGGRESSIVE;
				CLANG_CXX_LANGUAGE_STANDARD = "gnu++20";
				CLANG_ENABLE_MODULES = YES;
				CLANG_ENABLE_OBJC_ARC = YES;
				CLANG_ENABLE_OBJC_WEAK = YES;
				CLANG_WARN_BLOCK_CAPTURE_AUTORELEASING = YES;
				CLANG_WARN_BOOL_CONVERSION = YES;
				CLANG_WARN_COMMA = YES;
				CLANG_WARN_CONSTANT_CONVERSION = YES;
				CLANG_WARN_DEPRECATED_OBJC_IMPLEMENTATIONS = YES;
				CLANG_WARN_DIRECT_OBJC_ISA_USAGE = YES_ERROR;
				CLANG_WARN_DOCUMENTATION_COMMENTS = YES;
				CLANG_WARN_EMPTY_BODY = YES;
				CLANG_WARN_ENUM_CONVERSION = YES;
				CLANG_WARN_INFINITE_RECURSION = YES;
				CLANG_WARN_INT_CONVERSION = YES;
				CLANG_WARN_NON_LITERAL_NULL_CONVERSION = YES;
				CLANG_WARN_OBJC_IMPLICIT_RETAIN_SELF = YES;
				CLANG_WARN_OBJC_LITERAL_CONVERSION = YES;
				CLANG_WARN_OBJC_ROOT_CLASS = YES_ERROR;
				CLANG_WARN_QUOTED_INCLUDE_IN_FRAMEWORK_HEADER = YES;
				CLANG_WARN_RANGE_LOOP_ANALYSIS = YES;
				CLANG_WARN_STRICT_PROTOTYPES = YES;
				CLANG_WARN_SUSPICIOUS_MOVE = YES;
				CLANG_WARN_UNGUARDED_AVAILABILITY = YES_AGGRESSIVE;
				CLANG_WARN_UNREACHABLE_CODE = YES;
				CLANG_WARN__DUPLICATE_METHOD_MATCH = YES;
				COPY_PHASE_STRIP = NO;
				DEBUG_INFORMATION_FORMAT = dwarf;
				ENABLE_STRICT_OBJC_MSGSEND = YES;
				ENABLE_TESTABILITY = YES;
				ENABLE_USER_SCRIPT_SANDBOXING = YES;
				GCC_C_LANGUAGE_STANDARD = gnu17;
				GCC_DYNAMIC_NO_PIC = NO;
				GCC_NO_COMMON_BLOCKS = YES;
				GCC_OPTIMIZATION_LEVEL = 0;
				GCC_PREPROCESSOR_DEFINITIONS = (
					"DEBUG=1",
					"$(inherited)",
				);
				GCC_WARN_64_TO_32_BIT_CONVERSION = YES;
				GCC_WARN_ABOUT_RETURN_TYPE = YES_ERROR;
				GCC_WARN_UNDECLARED_SELECTOR = YES;
				GCC_WARN_UNINITIALIZED_AUTOS = YES_AGGRESSIVE;
				GCC_WARN_UNUSED_FUNCTION = YES;
				GCC_WARN_UNUSED_VARIABLE = YES;
				IPHONEOS_DEPLOYMENT_TARGET = 17.0;
				LOCALIZATION_PREFERS_STRING_CATALOGS = YES;
				MTL_ENABLE_DEBUG_INFO = INCLUDE_SOURCE;
				MTL_FAST_MATH = YES;
				ONLY_ACTIVE_ARCH = YES;
				SDKROOT = iphoneos;
				SWIFT_ACTIVE_COMPILATION_CONDITIONS = "DEBUG $(inherited)";
				SWIFT_OPTIMIZATION_LEVEL = "-Onone";
			};
			name = Debug;
		};
		96BC0D422AB9C5E400F560FB /* Release */ = {
			isa = XCBuildConfiguration;
			buildSettings = {
				ALWAYS_SEARCH_USER_PATHS = NO;
				ASSETCATALOG_COMPILER_GENERATE_SWIFT_ASSET_SYMBOL_EXTENSIONS = YES;
				CLANG_ANALYZER_NONNULL = YES;
				CLANG_ANALYZER_NUMBER_OBJECT_CONVERSION = YES_AGGRESSIVE;
				CLANG_CXX_LANGUAGE_STANDARD = "gnu++20";
				CLANG_ENABLE_MODULES = YES;
				CLANG_ENABLE_OBJC_ARC = YES;
				CLANG_ENABLE_OBJC_WEAK = YES;
				CLANG_WARN_BLOCK_CAPTURE_AUTORELEASING = YES;
				CLANG_WARN_BOOL_CONVERSION = YES;
				CLANG_WARN_COMMA = YES;
				CLANG_WARN_CONSTANT_CONVERSION = YES;
				CLANG_WARN_DEPRECATED_OBJC_IMPLEMENTATIONS = YES;
				CLANG_WARN_DIRECT_OBJC_ISA_USAGE = YES_ERROR;
				CLANG_WARN_DOCUMENTATION_COMMENTS = YES;
				CLANG_WARN_EMPTY_BODY = YES;
				CLANG_WARN_ENUM_CONVERSION = YES;
				CLANG_WARN_INFINITE_RECURSION = YES;
				CLANG_WARN_INT_CONVERSION = YES;
				CLANG_WARN_NON_LITERAL_NULL_CONVERSION = YES;
				CLANG_WARN_OBJC_IMPLICIT_RETAIN_SELF = YES;
				CLANG_WARN_OBJC_LITERAL_CONVERSION = YES;
				CLANG_WARN_OBJC_ROOT_CLASS = YES_ERROR;
				CLANG_WARN_QUOTED_INCLUDE_IN_FRAMEWORK_HEADER = YES;
				CLANG_WARN_RANGE_LOOP_ANALYSIS = YES;
				CLANG_WARN_STRICT_PROTOTYPES = YES;
				CLANG_WARN_SUSPICIOUS_MOVE = YES;
				CLANG_WARN_UNGUARDED_AVAILABILITY = YES_AGGRESSIVE;
				CLANG_WARN_UNREACHABLE_CODE = YES;
				CLANG_WARN__DUPLICATE_METHOD_MATCH = YES;
				COPY_PHASE_STRIP = NO;
				DEBUG_INFORMATION_FORMAT = "dwarf-with-dsym";
				ENABLE_NS_ASSERTIONS = NO;
				ENABLE_STRICT_OBJC_MSGSEND = YES;
				ENABLE_USER_SCRIPT_SANDBOXING = YES;
				GCC_C_LANGUAGE_STANDARD = gnu17;
				GCC_NO_COMMON_BLOCKS = YES;
				GCC_WARN_64_TO_32_BIT_CONVERSION = YES;
				GCC_WARN_ABOUT_RETURN_TYPE = YES_ERROR;
				GCC_WARN_UNDECLARED_SELECTOR = YES;
				GCC_WARN_UNINITIALIZED_AUTOS = YES_AGGRESSIVE;
				GCC_WARN_UNUSED_FUNCTION = YES;
				GCC_WARN_UNUSED_VARIABLE = YES;
				IPHONEOS_DEPLOYMENT_TARGET = 17.0;
				LOCALIZATION_PREFERS_STRING_CATALOGS = YES;
				MTL_ENABLE_DEBUG_INFO = NO;
				MTL_FAST_MATH = YES;
				SDKROOT = iphoneos;
				SWIFT_COMPILATION_MODE = wholemodule;
				VALIDATE_PRODUCT = YES;
			};
			name = Release;
		};
		96BC0D442AB9C5E400F560FB /* Debug */ = {
			isa = XCBuildConfiguration;
			buildSettings = {
				ASSETCATALOG_COMPILER_APPICON_NAME = AppIcon;
				ASSETCATALOG_COMPILER_GLOBAL_ACCENT_COLOR_NAME = AccentColor;
				CODE_SIGN_STYLE = Automatic;
				CURRENT_PROJECT_VERSION = 1;
				DEVELOPMENT_TEAM = 64GU32RAV4;
				GENERATE_INFOPLIST_FILE = YES;
				INFOPLIST_FILE = InstaCloneFirebase/Info.plist;
				INFOPLIST_KEY_UIApplicationSupportsIndirectInputEvents = YES;
				INFOPLIST_KEY_UILaunchStoryboardName = LaunchScreen;
				INFOPLIST_KEY_UIMainStoryboardFile = Main;
				INFOPLIST_KEY_UISupportedInterfaceOrientations_iPad = "UIInterfaceOrientationPortrait UIInterfaceOrientationPortraitUpsideDown UIInterfaceOrientationLandscapeLeft UIInterfaceOrientationLandscapeRight";
				INFOPLIST_KEY_UISupportedInterfaceOrientations_iPhone = "UIInterfaceOrientationPortrait UIInterfaceOrientationLandscapeLeft UIInterfaceOrientationLandscapeRight";
				LD_RUNPATH_SEARCH_PATHS = (
					"$(inherited)",
					"@executable_path/Frameworks",
				);
				MARKETING_VERSION = 1.0;
				PRODUCT_BUNDLE_IDENTIFIER = ca.jgdesigns.InstaCloneFirebase;
				PRODUCT_NAME = "$(TARGET_NAME)";
				SWIFT_EMIT_LOC_STRINGS = YES;
				SWIFT_VERSION = 5.0;
				TARGETED_DEVICE_FAMILY = "1,2";
			};
			name = Debug;
		};
		96BC0D452AB9C5E400F560FB /* Release */ = {
			isa = XCBuildConfiguration;
			buildSettings = {
				ASSETCATALOG_COMPILER_APPICON_NAME = AppIcon;
				ASSETCATALOG_COMPILER_GLOBAL_ACCENT_COLOR_NAME = AccentColor;
				CODE_SIGN_STYLE = Automatic;
				CURRENT_PROJECT_VERSION = 1;
				DEVELOPMENT_TEAM = 64GU32RAV4;
				GENERATE_INFOPLIST_FILE = YES;
				INFOPLIST_FILE = InstaCloneFirebase/Info.plist;
				INFOPLIST_KEY_UIApplicationSupportsIndirectInputEvents = YES;
				INFOPLIST_KEY_UILaunchStoryboardName = LaunchScreen;
				INFOPLIST_KEY_UIMainStoryboardFile = Main;
				INFOPLIST_KEY_UISupportedInterfaceOrientations_iPad = "UIInterfaceOrientationPortrait UIInterfaceOrientationPortraitUpsideDown UIInterfaceOrientationLandscapeLeft UIInterfaceOrientationLandscapeRight";
				INFOPLIST_KEY_UISupportedInterfaceOrientations_iPhone = "UIInterfaceOrientationPortrait UIInterfaceOrientationLandscapeLeft UIInterfaceOrientationLandscapeRight";
				LD_RUNPATH_SEARCH_PATHS = (
					"$(inherited)",
					"@executable_path/Frameworks",
				);
				MARKETING_VERSION = 1.0;
				PRODUCT_BUNDLE_IDENTIFIER = ca.jgdesigns.InstaCloneFirebase;
				PRODUCT_NAME = "$(TARGET_NAME)";
				SWIFT_EMIT_LOC_STRINGS = YES;
				SWIFT_VERSION = 5.0;
				TARGETED_DEVICE_FAMILY = "1,2";
			};
			name = Release;
		};
/* End XCBuildConfiguration section */

/* Begin XCConfigurationList section */
		96BC0D2A2AB9C5DB00F560FB /* Build configuration list for PBXProject "InstaCloneFirebase" */ = {
			isa = XCConfigurationList;
			buildConfigurations = (
				96BC0D412AB9C5E400F560FB /* Debug */,
				96BC0D422AB9C5E400F560FB /* Release */,
			);
			defaultConfigurationIsVisible = 0;
			defaultConfigurationName = Release;
		};
		96BC0D432AB9C5E400F560FB /* Build configuration list for PBXNativeTarget "InstaCloneFirebase" */ = {
			isa = XCConfigurationList;
			buildConfigurations = (
				96BC0D442AB9C5E400F560FB /* Debug */,
				96BC0D452AB9C5E400F560FB /* Release */,
			);
			defaultConfigurationIsVisible = 0;
			defaultConfigurationName = Release;
		};
/* End XCConfigurationList section */

/* Begin XCRemoteSwiftPackageReference section */
		96BC0D482AB9CD4F00F560FB /* XCRemoteSwiftPackageReference "firebase-ios-sdk" */ = {
			isa = XCRemoteSwiftPackageReference;
			repositoryURL = "https://github.com/firebase/firebase-ios-sdk.git";
			requirement = {
				kind = upToNextMajorVersion;
				minimumVersion = 10.15.0;
			};
		};
/* End XCRemoteSwiftPackageReference section */

/* Begin XCSwiftPackageProductDependency section */
		96BC0D492AB9CD4F00F560FB /* FirebaseAnalytics */ = {
			isa = XCSwiftPackageProductDependency;
			package = 96BC0D482AB9CD4F00F560FB /* XCRemoteSwiftPackageReference "firebase-ios-sdk" */;
			productName = FirebaseAnalytics;
		};
		96BC0D552AB9CD5000F560FB /* FirebaseAuth */ = {
			isa = XCSwiftPackageProductDependency;
			package = 96BC0D482AB9CD4F00F560FB /* XCRemoteSwiftPackageReference "firebase-ios-sdk" */;
			productName = FirebaseAuth;
		};
		96BC0D612AB9CD5000F560FB /* FirebaseFirestore */ = {
			isa = XCSwiftPackageProductDependency;
			package = 96BC0D482AB9CD4F00F560FB /* XCRemoteSwiftPackageReference "firebase-ios-sdk" */;
			productName = FirebaseFirestore;
		};
		96BC0D7B2AB9CD5000F560FB /* FirebaseStorage */ = {
			isa = XCSwiftPackageProductDependency;
			package = 96BC0D482AB9CD4F00F560FB /* XCRemoteSwiftPackageReference "firebase-ios-sdk" */;
			productName = FirebaseStorage;
		};
/* End XCSwiftPackageProductDependency section */
	};
	rootObject = 96BC0D272AB9C5DB00F560FB /* Project object */;
}
